
Microsoft Visual Studio Solution File, Format Version 12.00
# Visual Studio Version 16
VisualStudioVersion = 16.0.30517.126
MinimumVisualStudioVersion = 10.0.40219.1
Project("{8BC9CEB8-8B4A-11D0-8D11-00A0C91BC942}") = "automaton-midterm", "automaton-midterm.vcxproj", "{F8F3BAB0-F321-4052-897A-50B6E63883D0}"
EndProject
Global
	GlobalSection(SolutionConfigurationPlatforms) = preSolution
		Debug|x64 = Debug|x64
		Debug|x86 = Debug|x86
		Release|x64 = Release|x64
		Release|x86 = Release|x86
	EndGlobalSection
	GlobalSection(ProjectConfigurationPlatforms) = postSolution
		{F8F3BAB0-F321-4052-897A-50B6E63883D0}.Debug|x64.ActiveCfg = Debug|x64
		{F8F3BAB0-F321-4052-897A-50B6E63883D0}.Debug|x64.Build.0 = Debug|x64
		{F8F3BAB0-F321-4052-897A-50B6E63883D0}.Debug|x86.ActiveCfg = Debug|Win32
		{F8F3BAB0-F321-4052-897A-50B6E63883D0}.Debug|x86.Build.0 = Debug|Win32
		{F8F3BAB0-F321-4052-897A-50B6E63883D0}.Release|x64.ActiveCfg = Release|x64
		{F8F3BAB0-F321-4052-897A-50B6E63883D0}.Release|x64.Build.0 = Release|x64
		{F8F3BAB0-F321-4052-897A-50B6E63883D0}.Release|x86.ActiveCfg = Release|Win32
		{F8F3BAB0-F321-4052-897A-50B6E63883D0}.Release|x86.Build.0 = Release|Win32
	EndGlobalSection
	GlobalSection(SolutionProperties) = preSolution
		HideSolutionNode = FALSE
	EndGlobalSection
	GlobalSection(ExtensibilityGlobals) = postSolution
		SolutionGuid = {268888E3-173B-469C-8CD0-B270927C8A6A}
	EndGlobalSection
EndGlobal
